
Microsoft Visual Studio Solution File, Format Version 12.00
# Visual Studio 14
VisualStudioVersion = 14.0.25420.1
MinimumVisualStudioVersion = 10.0.40219.1
Project("{FAE04EC0-301F-11D3-BF4B-00C04F79EFBC}") = "Agenda", "Agenda\Agenda\Agenda.csproj", "{6289DF64-16B9-4D96-B4F0-3BE66E8F51C3}"
EndProject
Project("{FAE04EC0-301F-11D3-BF4B-00C04F79EFBC}") = "Agenda.Droid", "Agenda\Agenda.Droid\Agenda.Droid.csproj", "{6D593AF5-D123-4B8C-99AD-A87F1F6A2025}"
EndProject
Project("{FAE04EC0-301F-11D3-BF4B-00C04F79EFBC}") = "Agenda.iOS", "Agenda\Agenda.iOS\Agenda.iOS.csproj", "{5E05BD7D-3D35-4FC0-B26A-B27D084709B7}"
EndProject
Project("{FAE04EC0-301F-11D3-BF4B-00C04F79EFBC}") = "Agenda.WinPhone", "Agenda\Agenda.WinPhone\Agenda.WinPhone.csproj", "{7F0CF1BE-F5A9-44A0-B823-B6000F0D8C5B}"
EndProject
Project("{FAE04EC0-301F-11D3-BF4B-00C04F79EFBC}") = "Agenda.UWP", "Agenda\Agenda.UWP\Agenda.UWP.csproj", "{D283CB2B-3349-41E6-99A8-2B3D2411A443}"
EndProject
Project("{FAE04EC0-301F-11D3-BF4B-00C04F79EFBC}") = "Agenda.Windows", "Agenda\Agenda.Windows\Agenda.Windows.csproj", "{F64A936D-ED29-424B-8CF3-54A00C85D259}"
EndProject
Global
	GlobalSection(SolutionConfigurationPlatforms) = preSolution
		Ad-Hoc|Any CPU = Ad-Hoc|Any CPU
		Ad-Hoc|ARM = Ad-Hoc|ARM
		Ad-Hoc|iPhone = Ad-Hoc|iPhone
		Ad-Hoc|iPhoneSimulator = Ad-Hoc|iPhoneSimulator
		Ad-Hoc|x64 = Ad-Hoc|x64
		Ad-Hoc|x86 = Ad-Hoc|x86
		AppStore|Any CPU = AppStore|Any CPU
		AppStore|ARM = AppStore|ARM
		AppStore|iPhone = AppStore|iPhone
		AppStore|iPhoneSimulator = AppStore|iPhoneSimulator
		AppStore|x64 = AppStore|x64
		AppStore|x86 = AppStore|x86
		Debug|Any CPU = Debug|Any CPU
		Debug|ARM = Debug|ARM
		Debug|iPhone = Debug|iPhone
		Debug|iPhoneSimulator = Debug|iPhoneSimulator
		Debug|x64 = Debug|x64
		Debug|x86 = Debug|x86
		Release|Any CPU = Release|Any CPU
		Release|ARM = Release|ARM
		Release|iPhone = Release|iPhone
		Release|iPhoneSimulator = Release|iPhoneSimulator
		Release|x64 = Release|x64
		Release|x86 = Release|x86
	EndGlobalSection
	GlobalSection(ProjectConfigurationPlatforms) = postSolution
		{6289DF64-16B9-4D96-B4F0-3BE66E8F51C3}.Ad-Hoc|Any CPU.ActiveCfg = Release|Any CPU
		{6289DF64-16B9-4D96-B4F0-3BE66E8F51C3}.Ad-Hoc|Any CPU.Build.0 = Release|Any CPU
		{6289DF64-16B9-4D96-B4F0-3BE66E8F51C3}.Ad-Hoc|ARM.ActiveCfg = Release|Any CPU
		{6289DF64-16B9-4D96-B4F0-3BE66E8F51C3}.Ad-Hoc|ARM.Build.0 = Release|Any CPU
		{6289DF64-16B9-4D96-B4F0-3BE66E8F51C3}.Ad-Hoc|iPhone.ActiveCfg = Release|Any CPU
		{6289DF64-16B9-4D96-B4F0-3BE66E8F51C3}.Ad-Hoc|iPhone.Build.0 = Release|Any CPU
		{6289DF64-16B9-4D96-B4F0-3BE66E8F51C3}.Ad-Hoc|iPhoneSimulator.ActiveCfg = Release|Any CPU
		{6289DF64-16B9-4D96-B4F0-3BE66E8F51C3}.Ad-Hoc|iPhoneSimulator.Build.0 = Release|Any CPU
		{6289DF64-16B9-4D96-B4F0-3BE66E8F51C3}.Ad-Hoc|x64.ActiveCfg = Release|Any CPU
		{6289DF64-16B9-4D96-B4F0-3BE66E8F51C3}.Ad-Hoc|x64.Build.0 = Release|Any CPU
		{6289DF64-16B9-4D96-B4F0-3BE66E8F51C3}.Ad-Hoc|x86.ActiveCfg = Release|Any CPU
		{6289DF64-16B9-4D96-B4F0-3BE66E8F51C3}.Ad-Hoc|x86.Build.0 = Release|Any CPU
		{6289DF64-16B9-4D96-B4F0-3BE66E8F51C3}.AppStore|Any CPU.ActiveCfg = Release|Any CPU
		{6289DF64-16B9-4D96-B4F0-3BE66E8F51C3}.AppStore|Any CPU.Build.0 = Release|Any CPU
		{6289DF64-16B9-4D96-B4F0-3BE66E8F51C3}.AppStore|ARM.ActiveCfg = Release|Any CPU
		{6289DF64-16B9-4D96-B4F0-3BE66E8F51C3}.AppStore|ARM.Build.0 = Release|Any CPU
		{6289DF64-16B9-4D96-B4F0-3BE66E8F51C3}.AppStore|iPhone.ActiveCfg = Release|Any CPU
		{6289DF64-16B9-4D96-B4F0-3BE66E8F51C3}.AppStore|iPhone.Build.0 = Release|Any CPU
		{6289DF64-16B9-4D96-B4F0-3BE66E8F51C3}.AppStore|iPhoneSimulator.ActiveCfg = Release|Any CPU
		{6289DF64-16B9-4D96-B4F0-3BE66E8F51C3}.AppStore|iPhoneSimulator.Build.0 = Release|Any CPU
		{6289DF64-16B9-4D96-B4F0-3BE66E8F51C3}.AppStore|x64.ActiveCfg = Release|Any CPU
		{6289DF64-16B9-4D96-B4F0-3BE66E8F51C3}.AppStore|x64.Build.0 = Release|Any CPU
		{6289DF64-16B9-4D96-B4F0-3BE66E8F51C3}.AppStore|x86.ActiveCfg = Release|Any CPU
		{6289DF64-16B9-4D96-B4F0-3BE66E8F51C3}.AppStore|x86.Build.0 = Release|Any CPU
		{6289DF64-16B9-4D96-B4F0-3BE66E8F51C3}.Debug|Any CPU.ActiveCfg = Debug|Any CPU
		{6289DF64-16B9-4D96-B4F0-3BE66E8F51C3}.Debug|Any CPU.Build.0 = Debug|Any CPU
		{6289DF64-16B9-4D96-B4F0-3BE66E8F51C3}.Debug|ARM.ActiveCfg = Debug|Any CPU
		{6289DF64-16B9-4D96-B4F0-3BE66E8F51C3}.Debug|ARM.Build.0 = Debug|Any CPU
		{6289DF64-16B9-4D96-B4F0-3BE66E8F51C3}.Debug|iPhone.ActiveCfg = Debug|Any CPU
		{6289DF64-16B9-4D96-B4F0-3BE66E8F51C3}.Debug|iPhone.Build.0 = Debug|Any CPU
		{6289DF64-16B9-4D96-B4F0-3BE66E8F51C3}.Debug|iPhoneSimulator.ActiveCfg = Debug|Any CPU
		{6289DF64-16B9-4D96-B4F0-3BE66E8F51C3}.Debug|iPhoneSimulator.Build.0 = Debug|Any CPU
		{6289DF64-16B9-4D96-B4F0-3BE66E8F51C3}.Debug|x64.ActiveCfg = Debug|Any CPU
		{6289DF64-16B9-4D96-B4F0-3BE66E8F51C3}.Debug|x64.Build.0 = Debug|Any CPU
		{6289DF64-16B9-4D96-B4F0-3BE66E8F51C3}.Debug|x86.ActiveCfg = Debug|Any CPU
		{6289DF64-16B9-4D96-B4F0-3BE66E8F51C3}.Debug|x86.Build.0 = Debug|Any CPU
		{6289DF64-16B9-4D96-B4F0-3BE66E8F51C3}.Release|Any CPU.ActiveCfg = Release|Any CPU
		{6289DF64-16B9-4D96-B4F0-3BE66E8F51C3}.Release|Any CPU.Build.0 = Release|Any CPU
		{6289DF64-16B9-4D96-B4F0-3BE66E8F51C3}.Release|ARM.ActiveCfg = Release|Any CPU
		{6289DF64-16B9-4D96-B4F0-3BE66E8F51C3}.Release|ARM.Build.0 = Release|Any CPU
		{6289DF64-16B9-4D96-B4F0-3BE66E8F51C3}.Release|iPhone.ActiveCfg = Release|Any CPU
		{6289DF64-16B9-4D96-B4F0-3BE66E8F51C3}.Release|iPhone.Build.0 = Release|Any CPU
		{6289DF64-16B9-4D96-B4F0-3BE66E8F51C3}.Release|iPhoneSimulator.ActiveCfg = Release|Any CPU
		{6289DF64-16B9-4D96-B4F0-3BE66E8F51C3}.Release|iPhoneSimulator.Build.0 = Release|Any CPU
		{6289DF64-16B9-4D96-B4F0-3BE66E8F51C3}.Release|x64.ActiveCfg = Release|Any CPU
		{6289DF64-16B9-4D96-B4F0-3BE66E8F51C3}.Release|x64.Build.0 = Release|Any CPU
		{6289DF64-16B9-4D96-B4F0-3BE66E8F51C3}.Release|x86.ActiveCfg = Release|Any CPU
		{6289DF64-16B9-4D96-B4F0-3BE66E8F51C3}.Release|x86.Build.0 = Release|Any CPU
		{6D593AF5-D123-4B8C-99AD-A87F1F6A2025}.Ad-Hoc|Any CPU.ActiveCfg = Release|Any CPU
		{6D593AF5-D123-4B8C-99AD-A87F1F6A2025}.Ad-Hoc|Any CPU.Build.0 = Release|Any CPU
		{6D593AF5-D123-4B8C-99AD-A87F1F6A2025}.Ad-Hoc|Any CPU.Deploy.0 = Release|Any CPU
		{6D593AF5-D123-4B8C-99AD-A87F1F6A2025}.Ad-Hoc|ARM.ActiveCfg = Release|Any CPU
		{6D593AF5-D123-4B8C-99AD-A87F1F6A2025}.Ad-Hoc|ARM.Build.0 = Release|Any CPU
		{6D593AF5-D123-4B8C-99AD-A87F1F6A2025}.Ad-Hoc|ARM.Deploy.0 = Release|Any CPU
		{6D593AF5-D123-4B8C-99AD-A87F1F6A2025}.Ad-Hoc|iPhone.ActiveCfg = Release|Any CPU
		{6D593AF5-D123-4B8C-99AD-A87F1F6A2025}.Ad-Hoc|iPhone.Build.0 = Release|Any CPU
		{6D593AF5-D123-4B8C-99AD-A87F1F6A2025}.Ad-Hoc|iPhone.Deploy.0 = Release|Any CPU
		{6D593AF5-D123-4B8C-99AD-A87F1F6A2025}.Ad-Hoc|iPhoneSimulator.ActiveCfg = Release|Any CPU
		{6D593AF5-D123-4B8C-99AD-A87F1F6A2025}.Ad-Hoc|iPhoneSimulator.Build.0 = Release|Any CPU
		{6D593AF5-D123-4B8C-99AD-A87F1F6A2025}.Ad-Hoc|iPhoneSimulator.Deploy.0 = Release|Any CPU
		{6D593AF5-D123-4B8C-99AD-A87F1F6A2025}.Ad-Hoc|x64.ActiveCfg = Release|Any CPU
		{6D593AF5-D123-4B8C-99AD-A87F1F6A2025}.Ad-Hoc|x64.Build.0 = Release|Any CPU
		{6D593AF5-D123-4B8C-99AD-A87F1F6A2025}.Ad-Hoc|x64.Deploy.0 = Release|Any CPU
		{6D593AF5-D123-4B8C-99AD-A87F1F6A2025}.Ad-Hoc|x86.ActiveCfg = Release|Any CPU
		{6D593AF5-D123-4B8C-99AD-A87F1F6A2025}.Ad-Hoc|x86.Build.0 = Release|Any CPU
		{6D593AF5-D123-4B8C-99AD-A87F1F6A2025}.Ad-Hoc|x86.Deploy.0 = Release|Any CPU
		{6D593AF5-D123-4B8C-99AD-A87F1F6A2025}.AppStore|Any CPU.ActiveCfg = Release|Any CPU
		{6D593AF5-D123-4B8C-99AD-A87F1F6A2025}.AppStore|Any CPU.Build.0 = Release|Any CPU
		{6D593AF5-D123-4B8C-99AD-A87F1F6A2025}.AppStore|Any CPU.Deploy.0 = Release|Any CPU
		{6D593AF5-D123-4B8C-99AD-A87F1F6A2025}.AppStore|ARM.ActiveCfg = Release|Any CPU
		{6D593AF5-D123-4B8C-99AD-A87F1F6A2025}.AppStore|ARM.Build.0 = Release|Any CPU
		{6D593AF5-D123-4B8C-99AD-A87F1F6A2025}.AppStore|ARM.Deploy.0 = Release|Any CPU
		{6D593AF5-D123-4B8C-99AD-A87F1F6A2025}.AppStore|iPhone.ActiveCfg = Release|Any CPU
		{6D593AF5-D123-4B8C-99AD-A87F1F6A2025}.AppStore|iPhone.Build.0 = Release|Any CPU
		{6D593AF5-D123-4B8C-99AD-A87F1F6A2025}.AppStore|iPhone.Deploy.0 = Release|Any CPU
		{6D593AF5-D123-4B8C-99AD-A87F1F6A2025}.AppStore|iPhoneSimulator.ActiveCfg = Release|Any CPU
		{6D593AF5-D123-4B8C-99AD-A87F1F6A2025}.AppStore|iPhoneSimulator.Build.0 = Release|Any CPU
		{6D593AF5-D123-4B8C-99AD-A87F1F6A2025}.AppStore|iPhoneSimulator.Deploy.0 = Release|Any CPU
		{6D593AF5-D123-4B8C-99AD-A87F1F6A2025}.AppStore|x64.ActiveCfg = Release|Any CPU
		{6D593AF5-D123-4B8C-99AD-A87F1F6A2025}.AppStore|x64.Build.0 = Release|Any CPU
		{6D593AF5-D123-4B8C-99AD-A87F1F6A2025}.AppStore|x64.Deploy.0 = Release|Any CPU
		{6D593AF5-D123-4B8C-99AD-A87F1F6A2025}.AppStore|x86.ActiveCfg = Release|Any CPU
		{6D593AF5-D123-4B8C-99AD-A87F1F6A2025}.AppStore|x86.Build.0 = Release|Any CPU
		{6D593AF5-D123-4B8C-99AD-A87F1F6A2025}.AppStore|x86.Deploy.0 = Release|Any CPU
		{6D593AF5-D123-4B8C-99AD-A87F1F6A2025}.Debug|Any CPU.ActiveCfg = Debug|Any CPU
		{6D593AF5-D123-4B8C-99AD-A87F1F6A2025}.Debug|Any CPU.Build.0 = Debug|Any CPU
		{6D593AF5-D123-4B8C-99AD-A87F1F6A2025}.Debug|Any CPU.Deploy.0 = Debug|Any CPU
		{6D593AF5-D123-4B8C-99AD-A87F1F6A2025}.Debug|ARM.ActiveCfg = Debug|Any CPU
		{6D593AF5-D123-4B8C-99AD-A87F1F6A2025}.Debug|ARM.Build.0 = Debug|Any CPU
		{6D593AF5-D123-4B8C-99AD-A87F1F6A2025}.Debug|ARM.Deploy.0 = Debug|Any CPU
		{6D593AF5-D123-4B8C-99AD-A87F1F6A2025}.Debug|iPhone.ActiveCfg = Debug|Any CPU
		{6D593AF5-D123-4B8C-99AD-A87F1F6A2025}.Debug|iPhone.Build.0 = Debug|Any CPU
		{6D593AF5-D123-4B8C-99AD-A87F1F6A2025}.Debug|iPhone.Deploy.0 = Debug|Any CPU
		{6D593AF5-D123-4B8C-99AD-A87F1F6A2025}.Debug|iPhoneSimulator.ActiveCfg = Debug|Any CPU
		{6D593AF5-D123-4B8C-99AD-A87F1F6A2025}.Debug|iPhoneSimulator.Build.0 = Debug|Any CPU
		{6D593AF5-D123-4B8C-99AD-A87F1F6A2025}.Debug|iPhoneSimulator.Deploy.0 = Debug|Any CPU
		{6D593AF5-D123-4B8C-99AD-A87F1F6A2025}.Debug|x64.ActiveCfg = Debug|Any CPU
		{6D593AF5-D123-4B8C-99AD-A87F1F6A2025}.Debug|x64.Build.0 = Debug|Any CPU
		{6D593AF5-D123-4B8C-99AD-A87F1F6A2025}.Debug|x64.Deploy.0 = Debug|Any CPU
		{6D593AF5-D123-4B8C-99AD-A87F1F6A2025}.Debug|x86.ActiveCfg = Debug|Any CPU
		{6D593AF5-D123-4B8C-99AD-A87F1F6A2025}.Debug|x86.Build.0 = Debug|Any CPU
		{6D593AF5-D123-4B8C-99AD-A87F1F6A2025}.Debug|x86.Deploy.0 = Debug|Any CPU
		{6D593AF5-D123-4B8C-99AD-A87F1F6A2025}.Release|Any CPU.ActiveCfg = Release|Any CPU
		{6D593AF5-D123-4B8C-99AD-A87F1F6A2025}.Release|Any CPU.Build.0 = Release|Any CPU
		{6D593AF5-D123-4B8C-99AD-A87F1F6A2025}.Release|Any CPU.Deploy.0 = Release|Any CPU
		{6D593AF5-D123-4B8C-99AD-A87F1F6A2025}.Release|ARM.ActiveCfg = Release|Any CPU
		{6D593AF5-D123-4B8C-99AD-A87F1F6A2025}.Release|ARM.Build.0 = Release|Any CPU
		{6D593AF5-D123-4B8C-99AD-A87F1F6A2025}.Release|ARM.Deploy.0 = Release|Any CPU
		{6D593AF5-D123-4B8C-99AD-A87F1F6A2025}.Release|iPhone.ActiveCfg = Release|Any CPU
		{6D593AF5-D123-4B8C-99AD-A87F1F6A2025}.Release|iPhone.Build.0 = Release|Any CPU
		{6D593AF5-D123-4B8C-99AD-A87F1F6A2025}.Release|iPhone.Deploy.0 = Release|Any CPU
		{6D593AF5-D123-4B8C-99AD-A87F1F6A2025}.Release|iPhoneSimulator.ActiveCfg = Release|Any CPU
		{6D593AF5-D123-4B8C-99AD-A87F1F6A2025}.Release|iPhoneSimulator.Build.0 = Release|Any CPU
		{6D593AF5-D123-4B8C-99AD-A87F1F6A2025}.Release|iPhoneSimulator.Deploy.0 = Release|Any CPU
		{6D593AF5-D123-4B8C-99AD-A87F1F6A2025}.Release|x64.ActiveCfg = Release|Any CPU
		{6D593AF5-D123-4B8C-99AD-A87F1F6A2025}.Release|x64.Build.0 = Release|Any CPU
		{6D593AF5-D123-4B8C-99AD-A87F1F6A2025}.Release|x64.Deploy.0 = Release|Any CPU
		{6D593AF5-D123-4B8C-99AD-A87F1F6A2025}.Release|x86.ActiveCfg = Release|Any CPU
		{6D593AF5-D123-4B8C-99AD-A87F1F6A2025}.Release|x86.Build.0 = Release|Any CPU
		{6D593AF5-D123-4B8C-99AD-A87F1F6A2025}.Release|x86.Deploy.0 = Release|Any CPU
		{5E05BD7D-3D35-4FC0-B26A-B27D084709B7}.Ad-Hoc|Any CPU.ActiveCfg = Ad-Hoc|iPhone
		{5E05BD7D-3D35-4FC0-B26A-B27D084709B7}.Ad-Hoc|ARM.ActiveCfg = Ad-Hoc|iPhone
		{5E05BD7D-3D35-4FC0-B26A-B27D084709B7}.Ad-Hoc|iPhone.ActiveCfg = Ad-Hoc|iPhone
		{5E05BD7D-3D35-4FC0-B26A-B27D084709B7}.Ad-Hoc|iPhone.Build.0 = Ad-Hoc|iPhone
		{5E05BD7D-3D35-4FC0-B26A-B27D084709B7}.Ad-Hoc|iPhoneSimulator.ActiveCfg = Ad-Hoc|iPhoneSimulator
		{5E05BD7D-3D35-4FC0-B26A-B27D084709B7}.Ad-Hoc|iPhoneSimulator.Build.0 = Ad-Hoc|iPhoneSimulator
		{5E05BD7D-3D35-4FC0-B26A-B27D084709B7}.Ad-Hoc|x64.ActiveCfg = Ad-Hoc|iPhone
		{5E05BD7D-3D35-4FC0-B26A-B27D084709B7}.Ad-Hoc|x86.ActiveCfg = Ad-Hoc|iPhone
		{5E05BD7D-3D35-4FC0-B26A-B27D084709B7}.AppStore|Any CPU.ActiveCfg = AppStore|iPhone
		{5E05BD7D-3D35-4FC0-B26A-B27D084709B7}.AppStore|ARM.ActiveCfg = AppStore|iPhone
		{5E05BD7D-3D35-4FC0-B26A-B27D084709B7}.AppStore|iPhone.ActiveCfg = AppStore|iPhone
		{5E05BD7D-3D35-4FC0-B26A-B27D084709B7}.AppStore|iPhone.Build.0 = AppStore|iPhone
		{5E05BD7D-3D35-4FC0-B26A-B27D084709B7}.AppStore|iPhoneSimulator.ActiveCfg = AppStore|iPhoneSimulator
		{5E05BD7D-3D35-4FC0-B26A-B27D084709B7}.AppStore|iPhoneSimulator.Build.0 = AppStore|iPhoneSimulator
		{5E05BD7D-3D35-4FC0-B26A-B27D084709B7}.AppStore|x64.ActiveCfg = AppStore|iPhone
		{5E05BD7D-3D35-4FC0-B26A-B27D084709B7}.AppStore|x86.ActiveCfg = AppStore|iPhone
		{5E05BD7D-3D35-4FC0-B26A-B27D084709B7}.Debug|Any CPU.ActiveCfg = Debug|iPhone
		{5E05BD7D-3D35-4FC0-B26A-B27D084709B7}.Debug|ARM.ActiveCfg = Debug|iPhone
		{5E05BD7D-3D35-4FC0-B26A-B27D084709B7}.Debug|iPhone.ActiveCfg = Debug|iPhone
		{5E05BD7D-3D35-4FC0-B26A-B27D084709B7}.Debug|iPhone.Build.0 = Debug|iPhone
		{5E05BD7D-3D35-4FC0-B26A-B27D084709B7}.Debug|iPhoneSimulator.ActiveCfg = Debug|iPhoneSimulator
		{5E05BD7D-3D35-4FC0-B26A-B27D084709B7}.Debug|iPhoneSimulator.Build.0 = Debug|iPhoneSimulator
		{5E05BD7D-3D35-4FC0-B26A-B27D084709B7}.Debug|x64.ActiveCfg = Debug|iPhone
		{5E05BD7D-3D35-4FC0-B26A-B27D084709B7}.Debug|x86.ActiveCfg = Debug|iPhone
		{5E05BD7D-3D35-4FC0-B26A-B27D084709B7}.Release|Any CPU.ActiveCfg = Release|iPhone
		{5E05BD7D-3D35-4FC0-B26A-B27D084709B7}.Release|ARM.ActiveCfg = Release|iPhone
		{5E05BD7D-3D35-4FC0-B26A-B27D084709B7}.Release|iPhone.ActiveCfg = Release|iPhone
		{5E05BD7D-3D35-4FC0-B26A-B27D084709B7}.Release|iPhone.Build.0 = Release|iPhone
		{5E05BD7D-3D35-4FC0-B26A-B27D084709B7}.Release|iPhoneSimulator.ActiveCfg = Release|iPhoneSimulator
		{5E05BD7D-3D35-4FC0-B26A-B27D084709B7}.Release|iPhoneSimulator.Build.0 = Release|iPhoneSimulator
		{5E05BD7D-3D35-4FC0-B26A-B27D084709B7}.Release|x64.ActiveCfg = Release|iPhone
		{5E05BD7D-3D35-4FC0-B26A-B27D084709B7}.Release|x86.ActiveCfg = Release|iPhone
		{7F0CF1BE-F5A9-44A0-B823-B6000F0D8C5B}.Ad-Hoc|Any CPU.ActiveCfg = Release|Any CPU
		{7F0CF1BE-F5A9-44A0-B823-B6000F0D8C5B}.Ad-Hoc|Any CPU.Build.0 = Release|Any CPU
		{7F0CF1BE-F5A9-44A0-B823-B6000F0D8C5B}.Ad-Hoc|Any CPU.Deploy.0 = Release|Any CPU
		{7F0CF1BE-F5A9-44A0-B823-B6000F0D8C5B}.Ad-Hoc|ARM.ActiveCfg = Release|ARM
		{7F0CF1BE-F5A9-44A0-B823-B6000F0D8C5B}.Ad-Hoc|ARM.Build.0 = Release|ARM
		{7F0CF1BE-F5A9-44A0-B823-B6000F0D8C5B}.Ad-Hoc|ARM.Deploy.0 = Release|ARM
		{7F0CF1BE-F5A9-44A0-B823-B6000F0D8C5B}.Ad-Hoc|iPhone.ActiveCfg = Release|Any CPU
		{7F0CF1BE-F5A9-44A0-B823-B6000F0D8C5B}.Ad-Hoc|iPhone.Build.0 = Release|Any CPU
		{7F0CF1BE-F5A9-44A0-B823-B6000F0D8C5B}.Ad-Hoc|iPhone.Deploy.0 = Release|Any CPU
		{7F0CF1BE-F5A9-44A0-B823-B6000F0D8C5B}.Ad-Hoc|iPhoneSimulator.ActiveCfg = Release|Any CPU
		{7F0CF1BE-F5A9-44A0-B823-B6000F0D8C5B}.Ad-Hoc|iPhoneSimulator.Build.0 = Release|Any CPU
		{7F0CF1BE-F5A9-44A0-B823-B6000F0D8C5B}.Ad-Hoc|iPhoneSimulator.Deploy.0 = Release|Any CPU
		{7F0CF1BE-F5A9-44A0-B823-B6000F0D8C5B}.Ad-Hoc|x64.ActiveCfg = Release|Any CPU
		{7F0CF1BE-F5A9-44A0-B823-B6000F0D8C5B}.Ad-Hoc|x64.Build.0 = Release|Any CPU
		{7F0CF1BE-F5A9-44A0-B823-B6000F0D8C5B}.Ad-Hoc|x64.Deploy.0 = Release|Any CPU
		{7F0CF1BE-F5A9-44A0-B823-B6000F0D8C5B}.Ad-Hoc|x86.ActiveCfg = Release|x86
		{7F0CF1BE-F5A9-44A0-B823-B6000F0D8C5B}.Ad-Hoc|x86.Build.0 = Release|x86
		{7F0CF1BE-F5A9-44A0-B823-B6000F0D8C5B}.Ad-Hoc|x86.Deploy.0 = Release|x86
		{7F0CF1BE-F5A9-44A0-B823-B6000F0D8C5B}.AppStore|Any CPU.ActiveCfg = Release|Any CPU
		{7F0CF1BE-F5A9-44A0-B823-B6000F0D8C5B}.AppStore|Any CPU.Build.0 = Release|Any CPU
		{7F0CF1BE-F5A9-44A0-B823-B6000F0D8C5B}.AppStore|Any CPU.Deploy.0 = Release|Any CPU
		{7F0CF1BE-F5A9-44A0-B823-B6000F0D8C5B}.AppStore|ARM.ActiveCfg = Release|ARM
		{7F0CF1BE-F5A9-44A0-B823-B6000F0D8C5B}.AppStore|ARM.Build.0 = Release|ARM
		{7F0CF1BE-F5A9-44A0-B823-B6000F0D8C5B}.AppStore|ARM.Deploy.0 = Release|ARM
		{7F0CF1BE-F5A9-44A0-B823-B6000F0D8C5B}.AppStore|iPhone.ActiveCfg = Release|Any CPU
		{7F0CF1BE-F5A9-44A0-B823-B6000F0D8C5B}.AppStore|iPhone.Build.0 = Release|Any CPU
		{7F0CF1BE-F5A9-44A0-B823-B6000F0D8C5B}.AppStore|iPhone.Deploy.0 = Release|Any CPU
		{7F0CF1BE-F5A9-44A0-B823-B6000F0D8C5B}.AppStore|iPhoneSimulator.ActiveCfg = Release|Any CPU
		{7F0CF1BE-F5A9-44A0-B823-B6000F0D8C5B}.AppStore|iPhoneSimulator.Build.0 = Release|Any CPU
		{7F0CF1BE-F5A9-44A0-B823-B6000F0D8C5B}.AppStore|iPhoneSimulator.Deploy.0 = Release|Any CPU
		{7F0CF1BE-F5A9-44A0-B823-B6000F0D8C5B}.AppStore|x64.ActiveCfg = Release|Any CPU
		{7F0CF1BE-F5A9-44A0-B823-B6000F0D8C5B}.AppStore|x64.Build.0 = Release|Any CPU
		{7F0CF1BE-F5A9-44A0-B823-B6000F0D8C5B}.AppStore|x64.Deploy.0 = Release|Any CPU
		{7F0CF1BE-F5A9-44A0-B823-B6000F0D8C5B}.AppStore|x86.ActiveCfg = Release|x86
		{7F0CF1BE-F5A9-44A0-B823-B6000F0D8C5B}.AppStore|x86.Build.0 = Release|x86
		{7F0CF1BE-F5A9-44A0-B823-B6000F0D8C5B}.AppStore|x86.Deploy.0 = Release|x86
		{7F0CF1BE-F5A9-44A0-B823-B6000F0D8C5B}.Debug|Any CPU.ActiveCfg = Debug|Any CPU
		{7F0CF1BE-F5A9-44A0-B823-B6000F0D8C5B}.Debug|Any CPU.Build.0 = Debug|Any CPU
		{7F0CF1BE-F5A9-44A0-B823-B6000F0D8C5B}.Debug|Any CPU.Deploy.0 = Debug|Any CPU
		{7F0CF1BE-F5A9-44A0-B823-B6000F0D8C5B}.Debug|ARM.ActiveCfg = Debug|ARM
		{7F0CF1BE-F5A9-44A0-B823-B6000F0D8C5B}.Debug|ARM.Build.0 = Debug|ARM
		{7F0CF1BE-F5A9-44A0-B823-B6000F0D8C5B}.Debug|ARM.Deploy.0 = Debug|ARM
		{7F0CF1BE-F5A9-44A0-B823-B6000F0D8C5B}.Debug|iPhone.ActiveCfg = Debug|Any CPU
		{7F0CF1BE-F5A9-44A0-B823-B6000F0D8C5B}.Debug|iPhone.Build.0 = Debug|Any CPU
		{7F0CF1BE-F5A9-44A0-B823-B6000F0D8C5B}.Debug|iPhone.Deploy.0 = Debug|Any CPU
		{7F0CF1BE-F5A9-44A0-B823-B6000F0D8C5B}.Debug|iPhoneSimulator.ActiveCfg = Debug|Any CPU
		{7F0CF1BE-F5A9-44A0-B823-B6000F0D8C5B}.Debug|iPhoneSimulator.Build.0 = Debug|Any CPU
		{7F0CF1BE-F5A9-44A0-B823-B6000F0D8C5B}.Debug|iPhoneSimulator.Deploy.0 = Debug|Any CPU
		{7F0CF1BE-F5A9-44A0-B823-B6000F0D8C5B}.Debug|x64.ActiveCfg = Debug|Any CPU
		{7F0CF1BE-F5A9-44A0-B823-B6000F0D8C5B}.Debug|x64.Build.0 = Debug|Any CPU
		{7F0CF1BE-F5A9-44A0-B823-B6000F0D8C5B}.Debug|x64.Deploy.0 = Debug|Any CPU
		{7F0CF1BE-F5A9-44A0-B823-B6000F0D8C5B}.Debug|x86.ActiveCfg = Debug|x86
		{7F0CF1BE-F5A9-44A0-B823-B6000F0D8C5B}.Debug|x86.Build.0 = Debug|x86
		{7F0CF1BE-F5A9-44A0-B823-B6000F0D8C5B}.Debug|x86.Deploy.0 = Debug|x86
		{7F0CF1BE-F5A9-44A0-B823-B6000F0D8C5B}.Release|Any CPU.ActiveCfg = Release|Any CPU
		{7F0CF1BE-F5A9-44A0-B823-B6000F0D8C5B}.Release|Any CPU.Build.0 = Release|Any CPU
		{7F0CF1BE-F5A9-44A0-B823-B6000F0D8C5B}.Release|Any CPU.Deploy.0 = Release|Any CPU
		{7F0CF1BE-F5A9-44A0-B823-B6000F0D8C5B}.Release|ARM.ActiveCfg = Release|ARM
		{7F0CF1BE-F5A9-44A0-B823-B6000F0D8C5B}.Release|ARM.Build.0 = Release|ARM
		{7F0CF1BE-F5A9-44A0-B823-B6000F0D8C5B}.Release|ARM.Deploy.0 = Release|ARM
		{7F0CF1BE-F5A9-44A0-B823-B6000F0D8C5B}.Release|iPhone.ActiveCfg = Release|Any CPU
		{7F0CF1BE-F5A9-44A0-B823-B6000F0D8C5B}.Release|iPhone.Build.0 = Release|Any CPU
		{7F0CF1BE-F5A9-44A0-B823-B6000F0D8C5B}.Release|iPhone.Deploy.0 = Release|Any CPU
		{7F0CF1BE-F5A9-44A0-B823-B6000F0D8C5B}.Release|iPhoneSimulator.ActiveCfg = Release|Any CPU
		{7F0CF1BE-F5A9-44A0-B823-B6000F0D8C5B}.Release|iPhoneSimulator.Build.0 = Release|Any CPU
		{7F0CF1BE-F5A9-44A0-B823-B6000F0D8C5B}.Release|iPhoneSimulator.Deploy.0 = Release|Any CPU
		{7F0CF1BE-F5A9-44A0-B823-B6000F0D8C5B}.Release|x64.ActiveCfg = Release|Any CPU
		{7F0CF1BE-F5A9-44A0-B823-B6000F0D8C5B}.Release|x64.Build.0 = Release|Any CPU
		{7F0CF1BE-F5A9-44A0-B823-B6000F0D8C5B}.Release|x64.Deploy.0 = Release|Any CPU
		{7F0CF1BE-F5A9-44A0-B823-B6000F0D8C5B}.Release|x86.ActiveCfg = Release|x86
		{7F0CF1BE-F5A9-44A0-B823-B6000F0D8C5B}.Release|x86.Build.0 = Release|x86
		{7F0CF1BE-F5A9-44A0-B823-B6000F0D8C5B}.Release|x86.Deploy.0 = Release|x86
		{D283CB2B-3349-41E6-99A8-2B3D2411A443}.Ad-Hoc|Any CPU.ActiveCfg = Release|x86
		{D283CB2B-3349-41E6-99A8-2B3D2411A443}.Ad-Hoc|Any CPU.Build.0 = Release|x86
		{D283CB2B-3349-41E6-99A8-2B3D2411A443}.Ad-Hoc|Any CPU.Deploy.0 = Release|x86
		{D283CB2B-3349-41E6-99A8-2B3D2411A443}.Ad-Hoc|ARM.ActiveCfg = Release|ARM
		{D283CB2B-3349-41E6-99A8-2B3D2411A443}.Ad-Hoc|ARM.Build.0 = Release|ARM
		{D283CB2B-3349-41E6-99A8-2B3D2411A443}.Ad-Hoc|ARM.Deploy.0 = Release|ARM
		{D283CB2B-3349-41E6-99A8-2B3D2411A443}.Ad-Hoc|iPhone.ActiveCfg = Release|x86
		{D283CB2B-3349-41E6-99A8-2B3D2411A443}.Ad-Hoc|iPhone.Build.0 = Release|x86
		{D283CB2B-3349-41E6-99A8-2B3D2411A443}.Ad-Hoc|iPhone.Deploy.0 = Release|x86
		{D283CB2B-3349-41E6-99A8-2B3D2411A443}.Ad-Hoc|iPhoneSimulator.ActiveCfg = Release|x86
		{D283CB2B-3349-41E6-99A8-2B3D2411A443}.Ad-Hoc|iPhoneSimulator.Build.0 = Release|x86
		{D283CB2B-3349-41E6-99A8-2B3D2411A443}.Ad-Hoc|iPhoneSimulator.Deploy.0 = Release|x86
		{D283CB2B-3349-41E6-99A8-2B3D2411A443}.Ad-Hoc|x64.ActiveCfg = Release|x64
		{D283CB2B-3349-41E6-99A8-2B3D2411A443}.Ad-Hoc|x64.Build.0 = Release|x64
		{D283CB2B-3349-41E6-99A8-2B3D2411A443}.Ad-Hoc|x64.Deploy.0 = Release|x64
		{D283CB2B-3349-41E6-99A8-2B3D2411A443}.Ad-Hoc|x86.ActiveCfg = Release|x86
		{D283CB2B-3349-41E6-99A8-2B3D2411A443}.Ad-Hoc|x86.Build.0 = Release|x86
		{D283CB2B-3349-41E6-99A8-2B3D2411A443}.Ad-Hoc|x86.Deploy.0 = Release|x86
		{D283CB2B-3349-41E6-99A8-2B3D2411A443}.AppStore|Any CPU.ActiveCfg = Release|x86
		{D283CB2B-3349-41E6-99A8-2B3D2411A443}.AppStore|Any CPU.Build.0 = Release|x86
		{D283CB2B-3349-41E6-99A8-2B3D2411A443}.AppStore|Any CPU.Deploy.0 = Release|x86
		{D283CB2B-3349-41E6-99A8-2B3D2411A443}.AppStore|ARM.ActiveCfg = Release|ARM
		{D283CB2B-3349-41E6-99A8-2B3D2411A443}.AppStore|ARM.Build.0 = Release|ARM
		{D283CB2B-3349-41E6-99A8-2B3D2411A443}.AppStore|ARM.Deploy.0 = Release|ARM
		{D283CB2B-3349-41E6-99A8-2B3D2411A443}.AppStore|iPhone.ActiveCfg = Release|x86
		{D283CB2B-3349-41E6-99A8-2B3D2411A443}.AppStore|iPhone.Build.0 = Release|x86
		{D283CB2B-3349-41E6-99A8-2B3D2411A443}.AppStore|iPhone.Deploy.0 = Release|x86
		{D283CB2B-3349-41E6-99A8-2B3D2411A443}.AppStore|iPhoneSimulator.ActiveCfg = Release|x86
		{D283CB2B-3349-41E6-99A8-2B3D2411A443}.AppStore|iPhoneSimulator.Build.0 = Release|x86
		{D283CB2B-3349-41E6-99A8-2B3D2411A443}.AppStore|iPhoneSimulator.Deploy.0 = Release|x86
		{D283CB2B-3349-41E6-99A8-2B3D2411A443}.AppStore|x64.ActiveCfg = Release|x64
		{D283CB2B-3349-41E6-99A8-2B3D2411A443}.AppStore|x64.Build.0 = Release|x64
		{D283CB2B-3349-41E6-99A8-2B3D2411A443}.AppStore|x64.Deploy.0 = Release|x64
		{D283CB2B-3349-41E6-99A8-2B3D2411A443}.AppStore|x86.ActiveCfg = Release|x86
		{D283CB2B-3349-41E6-99A8-2B3D2411A443}.AppStore|x86.Build.0 = Release|x86
		{D283CB2B-3349-41E6-99A8-2B3D2411A443}.AppStore|x86.Deploy.0 = Release|x86
		{D283CB2B-3349-41E6-99A8-2B3D2411A443}.Debug|Any CPU.ActiveCfg = Debug|x86
		{D283CB2B-3349-41E6-99A8-2B3D2411A443}.Debug|ARM.ActiveCfg = Debug|ARM
		{D283CB2B-3349-41E6-99A8-2B3D2411A443}.Debug|ARM.Build.0 = Debug|ARM
		{D283CB2B-3349-41E6-99A8-2B3D2411A443}.Debug|ARM.Deploy.0 = Debug|ARM
		{D283CB2B-3349-41E6-99A8-2B3D2411A443}.Debug|iPhone.ActiveCfg = Debug|x86
		{D283CB2B-3349-41E6-99A8-2B3D2411A443}.Debug|iPhoneSimulator.ActiveCfg = Debug|x86
		{D283CB2B-3349-41E6-99A8-2B3D2411A443}.Debug|x64.ActiveCfg = Debug|x64
		{D283CB2B-3349-41E6-99A8-2B3D2411A443}.Debug|x64.Build.0 = Debug|x64
		{D283CB2B-3349-41E6-99A8-2B3D2411A443}.Debug|x64.Deploy.0 = Debug|x64
		{D283CB2B-3349-41E6-99A8-2B3D2411A443}.Debug|x86.ActiveCfg = Debug|x86
		{D283CB2B-3349-41E6-99A8-2B3D2411A443}.Debug|x86.Build.0 = Debug|x86
		{D283CB2B-3349-41E6-99A8-2B3D2411A443}.Debug|x86.Deploy.0 = Debug|x86
		{D283CB2B-3349-41E6-99A8-2B3D2411A443}.Release|Any CPU.ActiveCfg = Release|x86
		{D283CB2B-3349-41E6-99A8-2B3D2411A443}.Release|ARM.ActiveCfg = Release|ARM
		{D283CB2B-3349-41E6-99A8-2B3D2411A443}.Release|ARM.Build.0 = Release|ARM
		{D283CB2B-3349-41E6-99A8-2B3D2411A443}.Release|ARM.Deploy.0 = Release|ARM
		{D283CB2B-3349-41E6-99A8-2B3D2411A443}.Release|iPhone.ActiveCfg = Release|x86
		{D283CB2B-3349-41E6-99A8-2B3D2411A443}.Release|iPhoneSimulator.ActiveCfg = Release|x86
		{D283CB2B-3349-41E6-99A8-2B3D2411A443}.Release|x64.ActiveCfg = Release|x64
		{D283CB2B-3349-41E6-99A8-2B3D2411A443}.Release|x64.Build.0 = Release|x64
		{D283CB2B-3349-41E6-99A8-2B3D2411A443}.Release|x64.Deploy.0 = Release|x64
		{D283CB2B-3349-41E6-99A8-2B3D2411A443}.Release|x86.ActiveCfg = Release|x86
		{D283CB2B-3349-41E6-99A8-2B3D2411A443}.Release|x86.Build.0 = Release|x86
		{D283CB2B-3349-41E6-99A8-2B3D2411A443}.Release|x86.Deploy.0 = Release|x86
		{F64A936D-ED29-424B-8CF3-54A00C85D259}.Ad-Hoc|Any CPU.ActiveCfg = Release|Any CPU
		{F64A936D-ED29-424B-8CF3-54A00C85D259}.Ad-Hoc|Any CPU.Build.0 = Release|Any CPU
		{F64A936D-ED29-424B-8CF3-54A00C85D259}.Ad-Hoc|Any CPU.Deploy.0 = Release|Any CPU
		{F64A936D-ED29-424B-8CF3-54A00C85D259}.Ad-Hoc|ARM.ActiveCfg = Release|ARM
		{F64A936D-ED29-424B-8CF3-54A00C85D259}.Ad-Hoc|ARM.Build.0 = Release|ARM
		{F64A936D-ED29-424B-8CF3-54A00C85D259}.Ad-Hoc|ARM.Deploy.0 = Release|ARM
		{F64A936D-ED29-424B-8CF3-54A00C85D259}.Ad-Hoc|iPhone.ActiveCfg = Release|Any CPU
		{F64A936D-ED29-424B-8CF3-54A00C85D259}.Ad-Hoc|iPhone.Build.0 = Release|Any CPU
		{F64A936D-ED29-424B-8CF3-54A00C85D259}.Ad-Hoc|iPhone.Deploy.0 = Release|Any CPU
		{F64A936D-ED29-424B-8CF3-54A00C85D259}.Ad-Hoc|iPhoneSimulator.ActiveCfg = Release|Any CPU
		{F64A936D-ED29-424B-8CF3-54A00C85D259}.Ad-Hoc|iPhoneSimulator.Build.0 = Release|Any CPU
		{F64A936D-ED29-424B-8CF3-54A00C85D259}.Ad-Hoc|iPhoneSimulator.Deploy.0 = Release|Any CPU
		{F64A936D-ED29-424B-8CF3-54A00C85D259}.Ad-Hoc|x64.ActiveCfg = Release|x64
		{F64A936D-ED29-424B-8CF3-54A00C85D259}.Ad-Hoc|x64.Build.0 = Release|x64
		{F64A936D-ED29-424B-8CF3-54A00C85D259}.Ad-Hoc|x64.Deploy.0 = Release|x64
		{F64A936D-ED29-424B-8CF3-54A00C85D259}.Ad-Hoc|x86.ActiveCfg = Release|x86
		{F64A936D-ED29-424B-8CF3-54A00C85D259}.Ad-Hoc|x86.Build.0 = Release|x86
		{F64A936D-ED29-424B-8CF3-54A00C85D259}.Ad-Hoc|x86.Deploy.0 = Release|x86
		{F64A936D-ED29-424B-8CF3-54A00C85D259}.AppStore|Any CPU.ActiveCfg = Release|Any CPU
		{F64A936D-ED29-424B-8CF3-54A00C85D259}.AppStore|Any CPU.Build.0 = Release|Any CPU
		{F64A936D-ED29-424B-8CF3-54A00C85D259}.AppStore|Any CPU.Deploy.0 = Release|Any CPU
		{F64A936D-ED29-424B-8CF3-54A00C85D259}.AppStore|ARM.ActiveCfg = Release|ARM
		{F64A936D-ED29-424B-8CF3-54A00C85D259}.AppStore|ARM.Build.0 = Release|ARM
		{F64A936D-ED29-424B-8CF3-54A00C85D259}.AppStore|ARM.Deploy.0 = Release|ARM
		{F64A936D-ED29-424B-8CF3-54A00C85D259}.AppStore|iPhone.ActiveCfg = Release|Any CPU
		{F64A936D-ED29-424B-8CF3-54A00C85D259}.AppStore|iPhone.Build.0 = Release|Any CPU
		{F64A936D-ED29-424B-8CF3-54A00C85D259}.AppStore|iPhone.Deploy.0 = Release|Any CPU
		{F64A936D-ED29-424B-8CF3-54A00C85D259}.AppStore|iPhoneSimulator.ActiveCfg = Release|Any CPU
		{F64A936D-ED29-424B-8CF3-54A00C85D259}.AppStore|iPhoneSimulator.Build.0 = Release|Any CPU
		{F64A936D-ED29-424B-8CF3-54A00C85D259}.AppStore|iPhoneSimulator.Deploy.0 = Release|Any CPU
		{F64A936D-ED29-424B-8CF3-54A00C85D259}.AppStore|x64.ActiveCfg = Release|x64
		{F64A936D-ED29-424B-8CF3-54A00C85D259}.AppStore|x64.Build.0 = Release|x64
		{F64A936D-ED29-424B-8CF3-54A00C85D259}.AppStore|x64.Deploy.0 = Release|x64
		{F64A936D-ED29-424B-8CF3-54A00C85D259}.AppStore|x86.ActiveCfg = Release|x86
		{F64A936D-ED29-424B-8CF3-54A00C85D259}.AppStore|x86.Build.0 = Release|x86
		{F64A936D-ED29-424B-8CF3-54A00C85D259}.AppStore|x86.Deploy.0 = Release|x86
		{F64A936D-ED29-424B-8CF3-54A00C85D259}.Debug|Any CPU.ActiveCfg = Debug|Any CPU
		{F64A936D-ED29-424B-8CF3-54A00C85D259}.Debug|Any CPU.Build.0 = Debug|Any CPU
		{F64A936D-ED29-424B-8CF3-54A00C85D259}.Debug|Any CPU.Deploy.0 = Debug|Any CPU
		{F64A936D-ED29-424B-8CF3-54A00C85D259}.Debug|ARM.ActiveCfg = Debug|ARM
		{F64A936D-ED29-424B-8CF3-54A00C85D259}.Debug|ARM.Build.0 = Debug|ARM
		{F64A936D-ED29-424B-8CF3-54A00C85D259}.Debug|ARM.Deploy.0 = Debug|ARM
		{F64A936D-ED29-424B-8CF3-54A00C85D259}.Debug|iPhone.ActiveCfg = Debug|Any CPU
		{F64A936D-ED29-424B-8CF3-54A00C85D259}.Debug|iPhone.Build.0 = Debug|Any CPU
		{F64A936D-ED29-424B-8CF3-54A00C85D259}.Debug|iPhone.Deploy.0 = Debug|Any CPU
		{F64A936D-ED29-424B-8CF3-54A00C85D259}.Debug|iPhoneSimulator.ActiveCfg = Debug|Any CPU
		{F64A936D-ED29-424B-8CF3-54A00C85D259}.Debug|iPhoneSimulator.Build.0 = Debug|Any CPU
		{F64A936D-ED29-424B-8CF3-54A00C85D259}.Debug|iPhoneSimulator.Deploy.0 = Debug|Any CPU
		{F64A936D-ED29-424B-8CF3-54A00C85D259}.Debug|x64.ActiveCfg = Debug|x64
		{F64A936D-ED29-424B-8CF3-54A00C85D259}.Debug|x64.Build.0 = Debug|x64
		{F64A936D-ED29-424B-8CF3-54A00C85D259}.Debug|x64.Deploy.0 = Debug|x64
		{F64A936D-ED29-424B-8CF3-54A00C85D259}.Debug|x86.ActiveCfg = Debug|x86
		{F64A936D-ED29-424B-8CF3-54A00C85D259}.Debug|x86.Build.0 = Debug|x86
		{F64A936D-ED29-424B-8CF3-54A00C85D259}.Debug|x86.Deploy.0 = Debug|x86
		{F64A936D-ED29-424B-8CF3-54A00C85D259}.Release|Any CPU.ActiveCfg = Release|Any CPU
		{F64A936D-ED29-424B-8CF3-54A00C85D259}.Release|Any CPU.Build.0 = Release|Any CPU
		{F64A936D-ED29-424B-8CF3-54A00C85D259}.Release|Any CPU.Deploy.0 = Release|Any CPU
		{F64A936D-ED29-424B-8CF3-54A00C85D259}.Release|ARM.ActiveCfg = Release|ARM
		{F64A936D-ED29-424B-8CF3-54A00C85D259}.Release|ARM.Build.0 = Release|ARM
		{F64A936D-ED29-424B-8CF3-54A00C85D259}.Release|ARM.Deploy.0 = Release|ARM
		{F64A936D-ED29-424B-8CF3-54A00C85D259}.Release|iPhone.ActiveCfg = Release|Any CPU
		{F64A936D-ED29-424B-8CF3-54A00C85D259}.Release|iPhone.Build.0 = Release|Any CPU
		{F64A936D-ED29-424B-8CF3-54A00C85D259}.Release|iPhone.Deploy.0 = Release|Any CPU
		{F64A936D-ED29-424B-8CF3-54A00C85D259}.Release|iPhoneSimulator.ActiveCfg = Release|Any CPU
		{F64A936D-ED29-424B-8CF3-54A00C85D259}.Release|iPhoneSimulator.Build.0 = Release|Any CPU
		{F64A936D-ED29-424B-8CF3-54A00C85D259}.Release|iPhoneSimulator.Deploy.0 = Release|Any CPU
		{F64A936D-ED29-424B-8CF3-54A00C85D259}.Release|x64.ActiveCfg = Release|x64
		{F64A936D-ED29-424B-8CF3-54A00C85D259}.Release|x64.Build.0 = Release|x64
		{F64A936D-ED29-424B-8CF3-54A00C85D259}.Release|x64.Deploy.0 = Release|x64
		{F64A936D-ED29-424B-8CF3-54A00C85D259}.Release|x86.ActiveCfg = Release|x86
		{F64A936D-ED29-424B-8CF3-54A00C85D259}.Release|x86.Build.0 = Release|x86
		{F64A936D-ED29-424B-8CF3-54A00C85D259}.Release|x86.Deploy.0 = Release|x86
	EndGlobalSection
	GlobalSection(SolutionProperties) = preSolution
		HideSolutionNode = FALSE
	EndGlobalSection
EndGlobal
